
Microsoft Visual Studio Solution File, Format Version 12.00
# Visual Studio Version 16
VisualStudioVersion = 16.0.31019.35
MinimumVisualStudioVersion = 10.0.40219.1
Project("{9A19103F-16F7-4668-BE54-9A1E7A4F7556}") = "OrderApi", "OrderApi.csproj", "{AB25CE19-5554-4088-AC73-3F8E0F7CBF59}"
EndProject
Global
	GlobalSection(SolutionConfigurationPlatforms) = preSolution
		Debug|Any CPU = Debug|Any CPU
		Release|Any CPU = Release|Any CPU
	EndGlobalSection
	GlobalSection(ProjectConfigurationPlatforms) = postSolution
		{AB25CE19-5554-4088-AC73-3F8E0F7CBF59}.Debug|Any CPU.ActiveCfg = Debug|Any CPU
		{AB25CE19-5554-4088-AC73-3F8E0F7CBF59}.Debug|Any CPU.Build.0 = Debug|Any CPU
		{AB25CE19-5554-4088-AC73-3F8E0F7CBF59}.Release|Any CPU.ActiveCfg = Release|Any CPU
		{AB25CE19-5554-4088-AC73-3F8E0F7CBF59}.Release|Any CPU.Build.0 = Release|Any CPU
	EndGlobalSection
	GlobalSection(SolutionProperties) = preSolution
		HideSolutionNode = FALSE
	EndGlobalSection
	GlobalSection(ExtensibilityGlobals) = postSolution
		SolutionGuid = {7E88B928-6A4D-488A-B560-D4DEFF9C4CE7}
	EndGlobalSection
EndGlobal
