
Microsoft Visual Studio Solution File, Format Version 12.00
# Visual Studio Version 16
VisualStudioVersion = 16.0.31019.35
MinimumVisualStudioVersion = 10.0.40219.1
Project("{FAE04EC0-301F-11D3-BF4B-00C04F79EFBC}") = "demo02", "demo02\demo02.csproj", "{73EC9D1C-A698-445E-BA73-6E8FDE3B3958}"
EndProject
Project("{FAE04EC0-301F-11D3-BF4B-00C04F79EFBC}") = "demo03", "demo03\demo03.csproj", "{024128E8-A417-4F23-97DF-0DC209314DB3}"
EndProject
Project("{FAE04EC0-301F-11D3-BF4B-00C04F79EFBC}") = "demo04", "demo04\demo04.csproj", "{2A41B72F-529C-4F53-B3A3-2FC079D6A9B3}"
EndProject
Project("{FAE04EC0-301F-11D3-BF4B-00C04F79EFBC}") = "demo01", "demo01\demo01.csproj", "{A0F0645E-8CA8-4A11-96F5-8AEAABC2F1E1}"
EndProject
Global
	GlobalSection(SolutionConfigurationPlatforms) = preSolution
		Debug|Any CPU = Debug|Any CPU
		Release|Any CPU = Release|Any CPU
	EndGlobalSection
	GlobalSection(ProjectConfigurationPlatforms) = postSolution
		{73EC9D1C-A698-445E-BA73-6E8FDE3B3958}.Debug|Any CPU.ActiveCfg = Debug|Any CPU
		{73EC9D1C-A698-445E-BA73-6E8FDE3B3958}.Debug|Any CPU.Build.0 = Debug|Any CPU
		{73EC9D1C-A698-445E-BA73-6E8FDE3B3958}.Release|Any CPU.ActiveCfg = Release|Any CPU
		{73EC9D1C-A698-445E-BA73-6E8FDE3B3958}.Release|Any CPU.Build.0 = Release|Any CPU
		{024128E8-A417-4F23-97DF-0DC209314DB3}.Debug|Any CPU.ActiveCfg = Debug|Any CPU
		{024128E8-A417-4F23-97DF-0DC209314DB3}.Debug|Any CPU.Build.0 = Debug|Any CPU
		{024128E8-A417-4F23-97DF-0DC209314DB3}.Release|Any CPU.ActiveCfg = Release|Any CPU
		{024128E8-A417-4F23-97DF-0DC209314DB3}.Release|Any CPU.Build.0 = Release|Any CPU
		{2A41B72F-529C-4F53-B3A3-2FC079D6A9B3}.Debug|Any CPU.ActiveCfg = Debug|Any CPU
		{2A41B72F-529C-4F53-B3A3-2FC079D6A9B3}.Debug|Any CPU.Build.0 = Debug|Any CPU
		{2A41B72F-529C-4F53-B3A3-2FC079D6A9B3}.Release|Any CPU.ActiveCfg = Release|Any CPU
		{2A41B72F-529C-4F53-B3A3-2FC079D6A9B3}.Release|Any CPU.Build.0 = Release|Any CPU
		{A0F0645E-8CA8-4A11-96F5-8AEAABC2F1E1}.Debug|Any CPU.ActiveCfg = Debug|Any CPU
		{A0F0645E-8CA8-4A11-96F5-8AEAABC2F1E1}.Debug|Any CPU.Build.0 = Debug|Any CPU
		{A0F0645E-8CA8-4A11-96F5-8AEAABC2F1E1}.Release|Any CPU.ActiveCfg = Release|Any CPU
		{A0F0645E-8CA8-4A11-96F5-8AEAABC2F1E1}.Release|Any CPU.Build.0 = Release|Any CPU
	EndGlobalSection
	GlobalSection(SolutionProperties) = preSolution
		HideSolutionNode = FALSE
	EndGlobalSection
	GlobalSection(ExtensibilityGlobals) = postSolution
		SolutionGuid = {69438C9A-40AA-4734-B281-8AA413C18D37}
	EndGlobalSection
EndGlobal
